
Microsoft Visual Studio Solution File, Format Version 12.00
# Visual Studio Version 17
VisualStudioVersion = 17.7.34031.279
MinimumVisualStudioVersion = 10.0.40219.1
Project("{FAE04EC0-301F-11D3-BF4B-00C04F79EFBC}") = "ConsoleApp5", "ConsoleApp5\ConsoleApp5.csproj", "{006D667D-FAE0-4D97-BE02-7F5600853C00}"
EndProject
Global
	GlobalSection(SolutionConfigurationPlatforms) = preSolution
		Debug|Any CPU = Debug|Any CPU
		Release|Any CPU = Release|Any CPU
	EndGlobalSection
	GlobalSection(ProjectConfigurationPlatforms) = postSolution
		{006D667D-FAE0-4D97-BE02-7F5600853C00}.Debug|Any CPU.ActiveCfg = Debug|Any CPU
		{006D667D-FAE0-4D97-BE02-7F5600853C00}.Debug|Any CPU.Build.0 = Debug|Any CPU
		{006D667D-FAE0-4D97-BE02-7F5600853C00}.Release|Any CPU.ActiveCfg = Release|Any CPU
		{006D667D-FAE0-4D97-BE02-7F5600853C00}.Release|Any CPU.Build.0 = Release|Any CPU
	EndGlobalSection
	GlobalSection(SolutionProperties) = preSolution
		HideSolutionNode = FALSE
	EndGlobalSection
	GlobalSection(ExtensibilityGlobals) = postSolution
		SolutionGuid = {0AEB35AA-5CC2-45AB-932A-5D145964EFB7}
	EndGlobalSection
EndGlobal
